
Microsoft Visual Studio Solution File, Format Version 12.00
# Visual Studio Version 16
VisualStudioVersion = 16.0.31321.278
MinimumVisualStudioVersion = 10.0.40219.1
Project("{FAE04EC0-301F-11D3-BF4B-00C04F79EFBC}") = "CMS-Window-Systems-Christopher-Sanderson", "CMS-Window-Systems-Christopher-Sanderson.csproj", "{FE358F48-E39E-4AA1-8E93-888767AB5630}"
EndProject
Global
	GlobalSection(SolutionConfigurationPlatforms) = preSolution
		Debug|Any CPU = Debug|Any CPU
		Release|Any CPU = Release|Any CPU
	EndGlobalSection
	GlobalSection(ProjectConfigurationPlatforms) = postSolution
		{FE358F48-E39E-4AA1-8E93-888767AB5630}.Debug|Any CPU.ActiveCfg = Debug|Any CPU
		{FE358F48-E39E-4AA1-8E93-888767AB5630}.Debug|Any CPU.Build.0 = Debug|Any CPU
		{FE358F48-E39E-4AA1-8E93-888767AB5630}.Release|Any CPU.ActiveCfg = Release|Any CPU
		{FE358F48-E39E-4AA1-8E93-888767AB5630}.Release|Any CPU.Build.0 = Release|Any CPU
	EndGlobalSection
	GlobalSection(SolutionProperties) = preSolution
		HideSolutionNode = FALSE
	EndGlobalSection
	GlobalSection(ExtensibilityGlobals) = postSolution
		SolutionGuid = {CF2F13ED-5822-41C4-8772-FBC347A84E63}
	EndGlobalSection
EndGlobal
